{
    "name": "cordova-plugin-camera-test-ios",
    "version": "1.0.0",
    "lockfileVersion": 1,
    "requires": true,
    "dependencies": {
        "cordova-ios": {
            "version": "3.9.2",
            "resolved": "https://registry.npmjs.org/cordova-ios/-/cordova-ios-3.9.2.tgz",
            "integrity": "sha1-glSJAMNd1SwUexUZ/jesPS1gd5A="
        }
    }
}
